github.com/apache/arrow/go/arrow v0.0.0-20200730104253-651201b0f516 h1:byKBBF2CKWBjjA4J1ZL2JXttJULvWSl50LegTyRZ728=
github.com/apache/arrow/go/arrow v0.0.0-20200730104253-651201b0f516/go.mod h1:QNYViu/X0HXDHw7m3KXzWSVXIbfUvJqBFe6Gj8/pYA0=
github.com/apache/thrift v0.14.2 h1:hY4rAyg7Eqbb27GB6gkhUKrRAuc8xRjlNtJq+LseKeY=
github.com/apache/thrift v0.14.2/go.mod h1:cp2SuWMxlEZw2r+iP2GNCdIi4C1qmUzdZFSVb+bacwQ=
github.com/golang/snappy v0.0.3 h1:fHPg5GQYlCeLIPB9BZqMVR5nR9A+IM5zcgeTdjMYmLA=
github.com/golang/snappy v0.0.3/go.mod h1:/XxbfmMg8lxefKM7IXC3fBNl/7bRcc72aCRzEWrmP2Q=
github.com/klauspost/compress v1.15.9 h1:wKRjX6JRtDdrE9qwa4b/Cip7ACOshUI4smpCQanqjSY=
github.com/klauspost/compress v1.15.9/go.mod h1:PhcZ0MbTNciWF3rruxRgKxI5NkcHHrHUDtV4Yw2GlzU=
github.com/pierrec/lz4/v4 v4.1.8 h1:ieHkV+i2BRzngO4Wd/3HGowuZStgq6QkPsD1eolNAO4=
github.com/pierrec/lz4/v4 v4.1.8/go.mod h1:gZWDp/Ze/IJXGXf23ltt2EXimqmTUXEy0GFuRQyBid4=
github.com/xitongsys/parquet-go v1.6.2 h1:MhCaXii4eqceKPu9BwrjLqyK10oX9WF+xGhwvwbw7xM=
github.com/xitongsys/parquet-go v1.6.2/go.mod h1:IulAQyalCm0rPiZVNnCgm/PCL64X2tdSVGMQ/UeKqWA=
github.com/xitongsys/parquet-go-source v0.0.0-20240122235623-d6294584ab18 h1:Loknf8YcZNXiweAsfz8GD79m4WE0MSbf1Bl4YCAfFYQ=
github.com/xitongsys/parquet-go-source v0.0.0-20240122235623-d6294584ab18/go.mod h1:2ActxmJ4q17Cdruar9nKEkzKSOL1Ol03737Bkz10rTY=
golang.org/x/xerrors v0.0.0-20200804184101-5ec99f83aff1 h1:go1bK/D/BFZV2I8cIQd1NKEZ+0owSTG1fDTci4IqFcE=
golang.org/x/xerrors v0.0.0-20200804184101-5ec99f83aff1/go.mod h1:I/5z698sn9Ka8TeJc9MKroUUfqBBauWjQqLJ2OPfmY0=
